
Microsoft Visual Studio Solution File, Format Version 12.00
# Visual Studio Version 17
VisualStudioVersion = 17.11.35312.102
MinimumVisualStudioVersion = 10.0.40219.1
Project("{FAE04EC0-301F-11D3-BF4B-00C04F79EFBC}") = "mediatR_code", "mediatR_code\mediatR_code.csproj", "{494727A7-A046-41F2-9F17-FE82A2E192A2}"
EndProject
Global
	GlobalSection(SolutionConfigurationPlatforms) = preSolution
		Debug|Any CPU = Debug|Any CPU
		Release|Any CPU = Release|Any CPU
	EndGlobalSection
	GlobalSection(ProjectConfigurationPlatforms) = postSolution
		{494727A7-A046-41F2-9F17-FE82A2E192A2}.Debug|Any CPU.ActiveCfg = Debug|Any CPU
		{494727A7-A046-41F2-9F17-FE82A2E192A2}.Debug|Any CPU.Build.0 = Debug|Any CPU
		{494727A7-A046-41F2-9F17-FE82A2E192A2}.Release|Any CPU.ActiveCfg = Release|Any CPU
		{494727A7-A046-41F2-9F17-FE82A2E192A2}.Release|Any CPU.Build.0 = Release|Any CPU
	EndGlobalSection
	GlobalSection(SolutionProperties) = preSolution
		HideSolutionNode = FALSE
	EndGlobalSection
	GlobalSection(ExtensibilityGlobals) = postSolution
		SolutionGuid = {DBB424C8-6F51-457A-A86F-8092F379B797}
	EndGlobalSection
EndGlobal
